lockfile_version: '1'
generated_at: '2026-08-24T09:25:47.118835+00:00'
dependencies: []
deployments:
- kind: project-relative
  target: claude
  value: .claude/skills/be-progress-tracker
  runtime: null
  scope: project
  owners:
  - .
  active_owner: .
  content_hash: null
- kind: project-relative
  target: claude
  value: .claude/skills/be-progress-tracker/SKILL.md
  runtime: null
  scope: project
  owners:
  - .
  active_owner: .
  content_hash: sha256:dd85d815dfe90179e507c8576e2eb5a2a38c8acd197b66be751956ff8f48a70a
- kind: project-relative
  target: claude
  value: .claude/skills/claude-review
  runtime: null
  scope: project
  owners:
  - .
  active_owner: .
  content_hash: null
- kind: project-relative
  target: claude
  value: .claude/skills/claude-review/SKILL.md
  runtime: null
  scope: project
  owners:
  - .
  active_owner: .
  content_hash: sha256:2b2e1a91d79f068765e3c8bd1a25b9c80005a2f555014cf413e5eb6ac9edabaf
- kind: project-relative
  target: claude
  value: .claude/skills/cleanup
  runtime: null
  scope: project
  owners:
  - .
  active_owner: .
  content_hash: null
- kind: project-relative
  target: claude
  value: .claude/skills/cleanup/SKILL.md
  runtime: null
  scope: project
  owners:
  - .
  active_owner: .
  content_hash: sha256:23ba7b078cec388b2a16b3029e554cebdd6410b0dd7b703802ce194e6553f5ca
- kind: project-relative
  target: claude
  value: .claude/skills/document-writing
  runtime: null
  scope: project
  owners:
  - .
  active_owner: .
  content_hash: null
- kind: project-relative
  target: claude
  value: .claude/skills/document-writing/SKILL.md
  runtime: null
  scope: project
  owners:
  - .
  active_owner: .
  content_hash: sha256:a7da31bafd19498d477689dbb2e6ea74698e35a4e329661a7073271ba70fb5d8
- kind: project-relative
  target: claude
  value: .claude/skills/english-document-writing
  runtime: null
  scope: project
  owners:
  - .
  active_owner: .
  content_hash: null
- kind: project-relative
  target: claude
  value: .claude/skills/english-document-writing/SKILL.md
  runtime: null
  scope: project
  owners:
  - .
  active_owner: .
  content_hash: sha256:f660690c3e1fe16acce32b03d4126a4fc9f73782a4cb007c6c328cd389603336
- kind: project-relative
  target: claude
  value: .claude/skills/fix-issue
  runtime: null
  scope: project
  owners:
  - .
  active_owner: .
  content_hash: null
- kind: project-relative
  target: claude
  value: .claude/skills/fix-issue/SKILL.md
  runtime: null
  scope: project
  owners:
  - .
  active_owner: .
  content_hash: sha256:1537d98d267b2f8d77a6cf553a36a99baa31f72ee3eaa16cf939f3eee23e2074
- kind: project-relative
  target: claude
  value: .claude/skills/git-sync
  runtime: null
  scope: project
  owners:
  - .
  active_owner: .
  content_hash: null
- kind: project-relative
  target: claude
  value: .claude/skills/git-sync/SKILL.md
  runtime: null
  scope: project
  owners:
  - .
  active_owner: .
  content_hash: sha256:f9c2eb3a39c02a4a415294e9874c7dca8feb1654ffc5950d1705f84fe68970ea
- kind: project-relative
  target: claude
  value: .claude/skills/ideation
  runtime: null
  scope: project
  owners:
  - .
  active_owner: .
  content_hash: null
- kind: project-relative
  target: claude
  value: .claude/skills/ideation/SKILL.md
  runtime: null
  scope: project
  owners:
  - .
  active_owner: .
  content_hash: sha256:45f7fd729f83eef0a4a397cc5dd0353de16fd6428b89cf418df38daa747550e8
- kind: project-relative
  target: claude
  value: .claude/skills/implement-be
  runtime: null
  scope: project
  owners:
  - .
  active_owner: .
  content_hash: null
- kind: project-relative
  target: claude
  value: .claude/skills/implement-be/SKILL.md
  runtime: null
  scope: project
  owners:
  - .
  active_owner: .
  content_hash: sha256:35b287a87a2ff59f5b5b22eee7241e9a8eb6e3880fd73027b8135025ba767724
- kind: project-relative
  target: claude
  value: .claude/skills/implement-be/references/pr-followup-loop.md
  runtime: null
  scope: project
  owners:
  - .
  active_owner: .
  content_hash: sha256:ec348d5744e26d9641bfbb015a2811da6cdfaef90280beabf618fdfe4c2516d6
- kind: project-relative
  target: claude
  value: .claude/skills/implement-be/references/self-review.md
  runtime: null
  scope: project
  owners:
  - .
  active_owner: .
  content_hash: sha256:568d3025ad71272d01f2d0a8dbd23a39ddb1f40f8d0534628e5306dc4ad3e597
- kind: project-relative
  target: claude
  value: .claude/skills/investigate-ci-failure
  runtime: null
  scope: project
  owners:
  - .
  active_owner: .
  content_hash: null
- kind: project-relative
  target: claude
  value: .claude/skills/investigate-ci-failure/SKILL.md
  runtime: null
  scope: project
  owners:
  - .
  active_owner: .
  content_hash: sha256:e28b872f930723eaa11dffe61d9d0016f479c8815539b2ae7e1eeb54b5b78a95
- kind: project-relative
  target: claude
  value: .claude/skills/investigate-ci-failure/references/known-ci-failure-patterns.md
  runtime: null
  scope: project
  owners:
  - .
  active_owner: .
  content_hash: sha256:3bd13c2aa3a2c837bf9eeb6a3fcfc0c76e18a4b48e91c2ebd3ebac63aeab65a0
- kind: project-relative
  target: claude
  value: .claude/skills/investigate-scenario-flakiness
  runtime: null
  scope: project
  owners:
  - .
  active_owner: .
  content_hash: null
- kind: project-relative
  target: claude
  value: .claude/skills/investigate-scenario-flakiness/SKILL.md
  runtime: null
  scope: project
  owners:
  - .
  active_owner: .
  content_hash: sha256:16e6aa5709d8d9628c241d92879e2e0dac24e41f2fad1ac829f12d12c35d4d4f
- kind: project-relative
  target: claude
  value: .claude/skills/japanese-document-writing
  runtime: null
  scope: project
  owners:
  - .
  active_owner: .
  content_hash: null
- kind: project-relative
  target: claude
  value: .claude/skills/japanese-document-writing/SKILL.md
  runtime: null
  scope: project
  owners:
  - .
  active_owner: .
  content_hash: sha256:c4553cc7b7f77ed5e218bf29b4eef0e52192c88232ca7fcebdee345d330dc2c7
- kind: project-relative
  target: claude
  value: .claude/skills/japanese-document-writing/references/argument.md
  runtime: null
  scope: project
  owners:
  - .
  active_owner: .
  content_hash: sha256:34a642cd51b155203f6be2342db2b6ae5a96a7a40ee7c400001560f16d89a3cf
- kind: project-relative
  target: claude
  value: .claude/skills/japanese-document-writing/references/expression.md
  runtime: null
  scope: project
  owners:
  - .
  active_owner: .
  content_hash: sha256:a9868652cdd9fcf00a2604b1536b0876795709b779523acd9b0522b979ffa9ae
- kind: project-relative
  target: claude
  value: .claude/skills/japanese-document-writing/references/formatting.md
  runtime: null
  scope: project
  owners:
  - .
  active_owner: .
  content_hash: sha256:5c4d212825292359f062a55d4e5993d65b5fd0cdd00a8f28dc742cd747e84103
- kind: project-relative
  target: claude
  value: .claude/skills/pr-followup
  runtime: null
  scope: project
  owners:
  - .
  active_owner: .
  content_hash: null
- kind: project-relative
  target: claude
  value: .claude/skills/pr-followup/SKILL.md
  runtime: null
  scope: project
  owners:
  - .
  active_owner: .
  content_hash: sha256:0b83b34789cf93aac6982d83e80c242cc9681c78379998f81cf689c4f7ce047d
- kind: project-relative
  target: claude
  value: .claude/skills/propose-and-build
  runtime: null
  scope: project
  owners:
  - .
  active_owner: .
  content_hash: null
- kind: project-relative
  target: claude
  value: .claude/skills/propose-and-build/SKILL.md
  runtime: null
  scope: project
  owners:
  - .
  active_owner: .
  content_hash: sha256:0b11ab2208732c221307ac73f1c0166c03c1b34a4f3623d45fe90808c87faf30
- kind: project-relative
  target: claude
  value: .claude/skills/record-issue
  runtime: null
  scope: project
  owners:
  - .
  active_owner: .
  content_hash: null
- kind: project-relative
  target: claude
  value: .claude/skills/record-issue/SKILL.md
  runtime: null
  scope: project
  owners:
  - .
  active_owner: .
  content_hash: sha256:11faa3c2956527a035e5a41f5b485c6e47ce5c00de48fb8aaf946b0a2083f45e
- kind: project-relative
  target: claude
  value: .claude/skills/roadmap-filter
  runtime: null
  scope: project
  owners:
  - .
  active_owner: .
  content_hash: null
- kind: project-relative
  target: claude
  value: .claude/skills/roadmap-filter/SKILL.md
  runtime: null
  scope: project
  owners:
  - .
  active_owner: .
  content_hash: sha256:482a131cd01ae6b25804c2d94a85acf87781254d668ea67ee3f3564a840b1c5c
- kind: project-relative
  target: claude
  value: .claude/skills/task-select
  runtime: null
  scope: project
  owners:
  - .
  active_owner: .
  content_hash: null
- kind: project-relative
  target: claude
  value: .claude/skills/task-select/SKILL.md
  runtime: null
  scope: project
  owners:
  - .
  active_owner: .
  content_hash: sha256:4fc35b7c1966344be8722032d0273273db8e9096155755071c32834030139e92
local_deployed_files:
- .claude/skills/be-progress-tracker
- .claude/skills/be-progress-tracker/SKILL.md
- .claude/skills/claude-review
- .claude/skills/claude-review/SKILL.md
- .claude/skills/cleanup
- .claude/skills/cleanup/SKILL.md
- .claude/skills/document-writing
- .claude/skills/document-writing/SKILL.md
- .claude/skills/english-document-writing
- .claude/skills/english-document-writing/SKILL.md
- .claude/skills/fix-issue
- .claude/skills/fix-issue/SKILL.md
- .claude/skills/git-sync
- .claude/skills/git-sync/SKILL.md
- .claude/skills/ideation
- .claude/skills/ideation/SKILL.md
- .claude/skills/implement-be
- .claude/skills/implement-be/SKILL.md
- .claude/skills/implement-be/references/pr-followup-loop.md
- .claude/skills/implement-be/references/self-review.md
- .claude/skills/investigate-ci-failure
- .claude/skills/investigate-ci-failure/SKILL.md
- .claude/skills/investigate-ci-failure/references/known-ci-failure-patterns.md
- .claude/skills/investigate-scenario-flakiness
- .claude/skills/investigate-scenario-flakiness/SKILL.md
- .claude/skills/japanese-document-writing
- .claude/skills/japanese-document-writing/SKILL.md
- .claude/skills/japanese-document-writing/references/argument.md
- .claude/skills/japanese-document-writing/references/expression.md
- .claude/skills/japanese-document-writing/references/formatting.md
- .claude/skills/pr-followup
- .claude/skills/pr-followup/SKILL.md
- .claude/skills/propose-and-build
- .claude/skills/propose-and-build/SKILL.md
- .claude/skills/record-issue
- .claude/skills/record-issue/SKILL.md
- .claude/skills/roadmap-filter
- .claude/skills/roadmap-filter/SKILL.md
- .claude/skills/task-select
- .claude/skills/task-select/SKILL.md
local_deployed_file_hashes:
  .claude/skills/be-progress-tracker/SKILL.md: sha256:dd85d815dfe90179e507c8576e2eb5a2a38c8acd197b66be751956ff8f48a70a
  .claude/skills/claude-review/SKILL.md: sha256:2b2e1a91d79f068765e3c8bd1a25b9c80005a2f555014cf413e5eb6ac9edabaf
  .claude/skills/cleanup/SKILL.md: sha256:23ba7b078cec388b2a16b3029e554cebdd6410b0dd7b703802ce194e6553f5ca
  .claude/skills/document-writing/SKILL.md: sha256:a7da31bafd19498d477689dbb2e6ea74698e35a4e329661a7073271ba70fb5d8
  .claude/skills/english-document-writing/SKILL.md: sha256:f660690c3e1fe16acce32b03d4126a4fc9f73782a4cb007c6c328cd389603336
  .claude/skills/fix-issue/SKILL.md: sha256:1537d98d267b2f8d77a6cf553a36a99baa31f72ee3eaa16cf939f3eee23e2074
  .claude/skills/git-sync/SKILL.md: sha256:f9c2eb3a39c02a4a415294e9874c7dca8feb1654ffc5950d1705f84fe68970ea
  .claude/skills/ideation/SKILL.md: sha256:45f7fd729f83eef0a4a397cc5dd0353de16fd6428b89cf418df38daa747550e8
  .claude/skills/implement-be/SKILL.md: sha256:35b287a87a2ff59f5b5b22eee7241e9a8eb6e3880fd73027b8135025ba767724
  .claude/skills/implement-be/references/pr-followup-loop.md: sha256:ec348d5744e26d9641bfbb015a2811da6cdfaef90280beabf618fdfe4c2516d6
  .claude/skills/implement-be/references/self-review.md: sha256:568d3025ad71272d01f2d0a8dbd23a39ddb1f40f8d0534628e5306dc4ad3e597
  .claude/skills/investigate-ci-failure/SKILL.md: sha256:e28b872f930723eaa11dffe61d9d0016f479c8815539b2ae7e1eeb54b5b78a95
  .claude/skills/investigate-ci-failure/references/known-ci-failure-patterns.md: sha256:3bd13c2aa3a2c837bf9eeb6a3fcfc0c76e18a4b48e91c2ebd3ebac63aeab65a0
  .claude/skills/investigate-scenario-flakiness/SKILL.md: sha256:16e6aa5709d8d9628c241d92879e2e0dac24e41f2fad1ac829f12d12c35d4d4f
  .claude/skills/japanese-document-writing/SKILL.md: sha256:c4553cc7b7f77ed5e218bf29b4eef0e52192c88232ca7fcebdee345d330dc2c7
  .claude/skills/japanese-document-writing/references/argument.md: sha256:34a642cd51b155203f6be2342db2b6ae5a96a7a40ee7c400001560f16d89a3cf
  .claude/skills/japanese-document-writing/references/expression.md: sha256:a9868652cdd9fcf00a2604b1536b0876795709b779523acd9b0522b979ffa9ae
  .claude/skills/japanese-document-writing/references/formatting.md: sha256:5c4d212825292359f062a55d4e5993d65b5fd0cdd00a8f28dc742cd747e84103
  .claude/skills/pr-followup/SKILL.md: sha256:0b83b34789cf93aac6982d83e80c242cc9681c78379998f81cf689c4f7ce047d
  .claude/skills/propose-and-build/SKILL.md: sha256:0b11ab2208732c221307ac73f1c0166c03c1b34a4f3623d45fe90808c87faf30
  .claude/skills/record-issue/SKILL.md: sha256:11faa3c2956527a035e5a41f5b485c6e47ce5c00de48fb8aaf946b0a2083f45e
  .claude/skills/roadmap-filter/SKILL.md: sha256:482a131cd01ae6b25804c2d94a85acf87781254d668ea67ee3f3564a840b1c5c
  .claude/skills/task-select/SKILL.md: sha256:4fc35b7c1966344be8722032d0273273db8e9096155755071c32834030139e92
