lockfile_version: '1'
generated_at: '2026-08-24T09:25:47.118835+00:00'
dependencies: []
deployments:
- kind: project-relative
  target: claude
  value: .claude/skills/be-progress-tracker
  runtime: null
  scope: project
  owners:
  - .
  active_owner: .
  content_hash: null
- kind: project-relative
  target: claude
  value: .claude/skills/be-progress-tracker/SKILL.md
  runtime: null
  scope: project
  owners:
  - .
  active_owner: .
  content_hash: sha256:091cbed92bbc02170b9da26ce29160d69f0734ba9e761057c5fe97964e877c62
- kind: project-relative
  target: claude
  value: .claude/skills/claude-review
  runtime: null
  scope: project
  owners:
  - .
  active_owner: .
  content_hash: null
- kind: project-relative
  target: claude
  value: .claude/skills/claude-review/SKILL.md
  runtime: null
  scope: project
  owners:
  - .
  active_owner: .
  content_hash: sha256:8fe654fc63e8dfb6fb62d123dcf585a6a74c41ce4be221dc5f4351adbc989829
- kind: project-relative
  target: claude
  value: .claude/skills/cleanup
  runtime: null
  scope: project
  owners:
  - .
  active_owner: .
  content_hash: null
- kind: project-relative
  target: claude
  value: .claude/skills/cleanup/SKILL.md
  runtime: null
  scope: project
  owners:
  - .
  active_owner: .
  content_hash: sha256:23ba7b078cec388b2a16b3029e554cebdd6410b0dd7b703802ce194e6553f5ca
- kind: project-relative
  target: claude
  value: .claude/skills/document-writing
  runtime: null
  scope: project
  owners:
  - .
  active_owner: .
  content_hash: null
- kind: project-relative
  target: claude
  value: .claude/skills/document-writing/SKILL.md
  runtime: null
  scope: project
  owners:
  - .
  active_owner: .
  content_hash: sha256:22616d0f3a666bf494849d2820ff2a3bda140f0ca92ba31a528d1e47ccd3aa0f
- kind: project-relative
  target: claude
  value: .claude/skills/english-document-writing
  runtime: null
  scope: project
  owners:
  - .
  active_owner: .
  content_hash: null
- kind: project-relative
  target: claude
  value: .claude/skills/english-document-writing/SKILL.md
  runtime: null
  scope: project
  owners:
  - .
  active_owner: .
  content_hash: sha256:00fcaa5bf91eb3a05a58bd4f729ad43e42bf010ee7bead75db4fdfe741060afa
- kind: project-relative
  target: claude
  value: .claude/skills/fix-issue
  runtime: null
  scope: project
  owners:
  - .
  active_owner: .
  content_hash: null
- kind: project-relative
  target: claude
  value: .claude/skills/fix-issue/SKILL.md
  runtime: null
  scope: project
  owners:
  - .
  active_owner: .
  content_hash: sha256:e313f73c60b2811be0843ecfdec9e95805aca1da2a23cd165ef377d507903957
- kind: project-relative
  target: claude
  value: .claude/skills/git-sync
  runtime: null
  scope: project
  owners:
  - .
  active_owner: .
  content_hash: null
- kind: project-relative
  target: claude
  value: .claude/skills/git-sync/SKILL.md
  runtime: null
  scope: project
  owners:
  - .
  active_owner: .
  content_hash: sha256:f9c2eb3a39c02a4a415294e9874c7dca8feb1654ffc5950d1705f84fe68970ea
- kind: project-relative
  target: claude
  value: .claude/skills/ideation
  runtime: null
  scope: project
  owners:
  - .
  active_owner: .
  content_hash: null
- kind: project-relative
  target: claude
  value: .claude/skills/ideation/SKILL.md
  runtime: null
  scope: project
  owners:
  - .
  active_owner: .
  content_hash: sha256:e26203e33b360304f7cff096ac3ac91571de0920370bb788465ad5f026d81d7a
- kind: project-relative
  target: claude
  value: .claude/skills/implement-be
  runtime: null
  scope: project
  owners:
  - .
  active_owner: .
  content_hash: null
- kind: project-relative
  target: claude
  value: .claude/skills/implement-be/SKILL.md
  runtime: null
  scope: project
  owners:
  - .
  active_owner: .
  content_hash: sha256:b69a2fc304b849e61ef46a5999078e4a39f07eb2694bd87ce4b31523c4644f1b
- kind: project-relative
  target: claude
  value: .claude/skills/implement-be/references/pr-followup-loop.md
  runtime: null
  scope: project
  owners:
  - .
  active_owner: .
  content_hash: sha256:ec348d5744e26d9641bfbb015a2811da6cdfaef90280beabf618fdfe4c2516d6
- kind: project-relative
  target: claude
  value: .claude/skills/implement-be/references/self-review.md
  runtime: null
  scope: project
  owners:
  - .
  active_owner: .
  content_hash: sha256:aa4e17fc6c9ccba60837409dd0dd0c3085b9f3324ca1dc1b81fb7ca30d870ea1
- kind: project-relative
  target: claude
  value: .claude/skills/investigate-ci-failure
  runtime: null
  scope: project
  owners:
  - .
  active_owner: .
  content_hash: null
- kind: project-relative
  target: claude
  value: .claude/skills/investigate-ci-failure/SKILL.md
  runtime: null
  scope: project
  owners:
  - .
  active_owner: .
  content_hash: sha256:e28b872f930723eaa11dffe61d9d0016f479c8815539b2ae7e1eeb54b5b78a95
- kind: project-relative
  target: claude
  value: .claude/skills/investigate-ci-failure/references/known-ci-failure-patterns.md
  runtime: null
  scope: project
  owners:
  - .
  active_owner: .
  content_hash: sha256:3bd13c2aa3a2c837bf9eeb6a3fcfc0c76e18a4b48e91c2ebd3ebac63aeab65a0
- kind: project-relative
  target: claude
  value: .claude/skills/investigate-scenario-flakiness
  runtime: null
  scope: project
  owners:
  - .
  active_owner: .
  content_hash: null
- kind: project-relative
  target: claude
  value: .claude/skills/investigate-scenario-flakiness/SKILL.md
  runtime: null
  scope: project
  owners:
  - .
  active_owner: .
  content_hash: sha256:7bc61965a17fad81ed516248e966ac64980d0d6a34039477d27dc0320a2f9810
- kind: project-relative
  target: claude
  value: .claude/skills/japanese-document-writing
  runtime: null
  scope: project
  owners:
  - .
  active_owner: .
  content_hash: null
- kind: project-relative
  target: claude
  value: .claude/skills/japanese-document-writing/SKILL.md
  runtime: null
  scope: project
  owners:
  - .
  active_owner: .
  content_hash: sha256:c5a47c20deca8a59009ab6549adead673f4c90c0830d3c6a23c12a8f07dd50b9
- kind: project-relative
  target: claude
  value: .claude/skills/japanese-document-writing/references/argument.md
  runtime: null
  scope: project
  owners:
  - .
  active_owner: .
  content_hash: sha256:34a642cd51b155203f6be2342db2b6ae5a96a7a40ee7c400001560f16d89a3cf
- kind: project-relative
  target: claude
  value: .claude/skills/japanese-document-writing/references/expression.md
  runtime: null
  scope: project
  owners:
  - .
  active_owner: .
  content_hash: sha256:a9868652cdd9fcf00a2604b1536b0876795709b779523acd9b0522b979ffa9ae
- kind: project-relative
  target: claude
  value: .claude/skills/japanese-document-writing/references/formatting.md
  runtime: null
  scope: project
  owners:
  - .
  active_owner: .
  content_hash: sha256:5c4d212825292359f062a55d4e5993d65b5fd0cdd00a8f28dc742cd747e84103
- kind: project-relative
  target: claude
  value: .claude/skills/pr-followup
  runtime: null
  scope: project
  owners:
  - .
  active_owner: .
  content_hash: null
- kind: project-relative
  target: claude
  value: .claude/skills/pr-followup/SKILL.md
  runtime: null
  scope: project
  owners:
  - .
  active_owner: .
  content_hash: sha256:1042ed7af20b0bc949d1fc4873d37d04a57e0fac6b1eed466fdffd60af201b92
- kind: project-relative
  target: claude
  value: .claude/skills/propose-and-build
  runtime: null
  scope: project
  owners:
  - .
  active_owner: .
  content_hash: null
- kind: project-relative
  target: claude
  value: .claude/skills/propose-and-build/SKILL.md
  runtime: null
  scope: project
  owners:
  - .
  active_owner: .
  content_hash: sha256:983a71b843ecee80a247d22d71bc2b6bf4c3e347ef4ee035af28591b57c9ec2c
- kind: project-relative
  target: claude
  value: .claude/skills/record-issue
  runtime: null
  scope: project
  owners:
  - .
  active_owner: .
  content_hash: null
- kind: project-relative
  target: claude
  value: .claude/skills/record-issue/SKILL.md
  runtime: null
  scope: project
  owners:
  - .
  active_owner: .
  content_hash: sha256:11faa3c2956527a035e5a41f5b485c6e47ce5c00de48fb8aaf946b0a2083f45e
- kind: project-relative
  target: claude
  value: .claude/skills/roadmap-filter
  runtime: null
  scope: project
  owners:
  - .
  active_owner: .
  content_hash: null
- kind: project-relative
  target: claude
  value: .claude/skills/roadmap-filter/SKILL.md
  runtime: null
  scope: project
  owners:
  - .
  active_owner: .
  content_hash: sha256:482a131cd01ae6b25804c2d94a85acf87781254d668ea67ee3f3564a840b1c5c
- kind: project-relative
  target: claude
  value: .claude/skills/task-select
  runtime: null
  scope: project
  owners:
  - .
  active_owner: .
  content_hash: null
- kind: project-relative
  target: claude
  value: .claude/skills/task-select/SKILL.md
  runtime: null
  scope: project
  owners:
  - .
  active_owner: .
  content_hash: sha256:4fc35b7c1966344be8722032d0273273db8e9096155755071c32834030139e92
local_deployed_files:
- .claude/skills/be-progress-tracker
- .claude/skills/be-progress-tracker/SKILL.md
- .claude/skills/claude-review
- .claude/skills/claude-review/SKILL.md
- .claude/skills/cleanup
- .claude/skills/cleanup/SKILL.md
- .claude/skills/document-writing
- .claude/skills/document-writing/SKILL.md
- .claude/skills/english-document-writing
- .claude/skills/english-document-writing/SKILL.md
- .claude/skills/fix-issue
- .claude/skills/fix-issue/SKILL.md
- .claude/skills/git-sync
- .claude/skills/git-sync/SKILL.md
- .claude/skills/ideation
- .claude/skills/ideation/SKILL.md
- .claude/skills/implement-be
- .claude/skills/implement-be/SKILL.md
- .claude/skills/implement-be/references/pr-followup-loop.md
- .claude/skills/implement-be/references/self-review.md
- .claude/skills/investigate-ci-failure
- .claude/skills/investigate-ci-failure/SKILL.md
- .claude/skills/investigate-ci-failure/references/known-ci-failure-patterns.md
- .claude/skills/investigate-scenario-flakiness
- .claude/skills/investigate-scenario-flakiness/SKILL.md
- .claude/skills/japanese-document-writing
- .claude/skills/japanese-document-writing/SKILL.md
- .claude/skills/japanese-document-writing/references/argument.md
- .claude/skills/japanese-document-writing/references/expression.md
- .claude/skills/japanese-document-writing/references/formatting.md
- .claude/skills/pr-followup
- .claude/skills/pr-followup/SKILL.md
- .claude/skills/propose-and-build
- .claude/skills/propose-and-build/SKILL.md
- .claude/skills/record-issue
- .claude/skills/record-issue/SKILL.md
- .claude/skills/roadmap-filter
- .claude/skills/roadmap-filter/SKILL.md
- .claude/skills/task-select
- .claude/skills/task-select/SKILL.md
local_deployed_file_hashes:
  .claude/skills/be-progress-tracker/SKILL.md: sha256:091cbed92bbc02170b9da26ce29160d69f0734ba9e761057c5fe97964e877c62
  .claude/skills/claude-review/SKILL.md: sha256:8fe654fc63e8dfb6fb62d123dcf585a6a74c41ce4be221dc5f4351adbc989829
  .claude/skills/cleanup/SKILL.md: sha256:23ba7b078cec388b2a16b3029e554cebdd6410b0dd7b703802ce194e6553f5ca
  .claude/skills/document-writing/SKILL.md: sha256:22616d0f3a666bf494849d2820ff2a3bda140f0ca92ba31a528d1e47ccd3aa0f
  .claude/skills/english-document-writing/SKILL.md: sha256:00fcaa5bf91eb3a05a58bd4f729ad43e42bf010ee7bead75db4fdfe741060afa
  .claude/skills/fix-issue/SKILL.md: sha256:e313f73c60b2811be0843ecfdec9e95805aca1da2a23cd165ef377d507903957
  .claude/skills/git-sync/SKILL.md: sha256:f9c2eb3a39c02a4a415294e9874c7dca8feb1654ffc5950d1705f84fe68970ea
  .claude/skills/ideation/SKILL.md: sha256:e26203e33b360304f7cff096ac3ac91571de0920370bb788465ad5f026d81d7a
  .claude/skills/implement-be/SKILL.md: sha256:b69a2fc304b849e61ef46a5999078e4a39f07eb2694bd87ce4b31523c4644f1b
  .claude/skills/implement-be/references/pr-followup-loop.md: sha256:ec348d5744e26d9641bfbb015a2811da6cdfaef90280beabf618fdfe4c2516d6
  .claude/skills/implement-be/references/self-review.md: sha256:aa4e17fc6c9ccba60837409dd0dd0c3085b9f3324ca1dc1b81fb7ca30d870ea1
  .claude/skills/investigate-ci-failure/SKILL.md: sha256:e28b872f930723eaa11dffe61d9d0016f479c8815539b2ae7e1eeb54b5b78a95
  .claude/skills/investigate-ci-failure/references/known-ci-failure-patterns.md: sha256:3bd13c2aa3a2c837bf9eeb6a3fcfc0c76e18a4b48e91c2ebd3ebac63aeab65a0
  .claude/skills/investigate-scenario-flakiness/SKILL.md: sha256:7bc61965a17fad81ed516248e966ac64980d0d6a34039477d27dc0320a2f9810
  .claude/skills/japanese-document-writing/SKILL.md: sha256:c5a47c20deca8a59009ab6549adead673f4c90c0830d3c6a23c12a8f07dd50b9
  .claude/skills/japanese-document-writing/references/argument.md: sha256:34a642cd51b155203f6be2342db2b6ae5a96a7a40ee7c400001560f16d89a3cf
  .claude/skills/japanese-document-writing/references/expression.md: sha256:a9868652cdd9fcf00a2604b1536b0876795709b779523acd9b0522b979ffa9ae
  .claude/skills/japanese-document-writing/references/formatting.md: sha256:5c4d212825292359f062a55d4e5993d65b5fd0cdd00a8f28dc742cd747e84103
  .claude/skills/pr-followup/SKILL.md: sha256:1042ed7af20b0bc949d1fc4873d37d04a57e0fac6b1eed466fdffd60af201b92
  .claude/skills/propose-and-build/SKILL.md: sha256:983a71b843ecee80a247d22d71bc2b6bf4c3e347ef4ee035af28591b57c9ec2c
  .claude/skills/record-issue/SKILL.md: sha256:11faa3c2956527a035e5a41f5b485c6e47ce5c00de48fb8aaf946b0a2083f45e
  .claude/skills/roadmap-filter/SKILL.md: sha256:482a131cd01ae6b25804c2d94a85acf87781254d668ea67ee3f3564a840b1c5c
  .claude/skills/task-select/SKILL.md: sha256:4fc35b7c1966344be8722032d0273273db8e9096155755071c32834030139e92
